
Microsoft Visual Studio Solution File, Format Version 12.00
# TcXaeShell Solution File, Format Version 11.00
VisualStudioVersion = 15.0.33403.129
MinimumVisualStudioVersion = 10.0.40219.1
Project("{B1E792BE-AA5F-4E3C-8C82-674BF9C0715B}") = "TC3_Notification", "TC3_Notification\TC3_Notification.tsproj", "{3E1DAD59-5D7D-4777-8BBC-F0FEE8AC0047}"
EndProject
Global
	GlobalSection(SolutionConfigurationPlatforms) = preSolution
		Debug|TwinCAT CE7 (ARMV7) = Debug|TwinCAT CE7 (ARMV7)
		Debug|TwinCAT OS (ARMT2) = Debug|TwinCAT OS (ARMT2)
		Debug|TwinCAT RT (x64) = Debug|TwinCAT RT (x64)
		Debug|TwinCAT RT (x86) = Debug|TwinCAT RT (x86)
		Release|TwinCAT CE7 (ARMV7) = Release|TwinCAT CE7 (ARMV7)
		Release|TwinCAT OS (ARMT2) = Release|TwinCAT OS (ARMT2)
		Release|TwinCAT RT (x64) = Release|TwinCAT RT (x64)
		Release|TwinCAT RT (x86) = Release|TwinCAT RT (x86)
	EndGlobalSection
	GlobalSection(ProjectConfigurationPlatforms) = postSolution
		{3E1DAD59-5D7D-4777-8BBC-F0FEE8AC0047}.Debug|TwinCAT CE7 (ARMV7).ActiveCfg = Debug|TwinCAT CE7 (ARMV7)
		{3E1DAD59-5D7D-4777-8BBC-F0FEE8AC0047}.Debug|TwinCAT CE7 (ARMV7).Build.0 = Debug|TwinCAT CE7 (ARMV7)
		{3E1DAD59-5D7D-4777-8BBC-F0FEE8AC0047}.Debug|TwinCAT OS (ARMT2).ActiveCfg = Debug|TwinCAT OS (ARMT2)
		{3E1DAD59-5D7D-4777-8BBC-F0FEE8AC0047}.Debug|TwinCAT OS (ARMT2).Build.0 = Debug|TwinCAT OS (ARMT2)
		{3E1DAD59-5D7D-4777-8BBC-F0FEE8AC0047}.Debug|TwinCAT RT (x64).ActiveCfg = Debug|TwinCAT RT (x64)
		{3E1DAD59-5D7D-4777-8BBC-F0FEE8AC0047}.Debug|TwinCAT RT (x64).Build.0 = Debug|TwinCAT RT (x64)
		{3E1DAD59-5D7D-4777-8BBC-F0FEE8AC0047}.Debug|TwinCAT RT (x86).ActiveCfg = Debug|TwinCAT RT (x86)
		{3E1DAD59-5D7D-4777-8BBC-F0FEE8AC0047}.Debug|TwinCAT RT (x86).Build.0 = Debug|TwinCAT RT (x86)
		{3E1DAD59-5D7D-4777-8BBC-F0FEE8AC0047}.Release|TwinCAT CE7 (ARMV7).ActiveCfg = Release|TwinCAT CE7 (ARMV7)
		{3E1DAD59-5D7D-4777-8BBC-F0FEE8AC0047}.Release|TwinCAT CE7 (ARMV7).Build.0 = Release|TwinCAT CE7 (ARMV7)
		{3E1DAD59-5D7D-4777-8BBC-F0FEE8AC0047}.Release|TwinCAT OS (ARMT2).ActiveCfg = Release|TwinCAT OS (ARMT2)
		{3E1DAD59-5D7D-4777-8BBC-F0FEE8AC0047}.Release|TwinCAT OS (ARMT2).Build.0 = Release|TwinCAT OS (ARMT2)
		{3E1DAD59-5D7D-4777-8BBC-F0FEE8AC0047}.Release|TwinCAT RT (x64).ActiveCfg = Release|TwinCAT RT (x64)
		{3E1DAD59-5D7D-4777-8BBC-F0FEE8AC0047}.Release|TwinCAT RT (x64).Build.0 = Release|TwinCAT RT (x64)
		{3E1DAD59-5D7D-4777-8BBC-F0FEE8AC0047}.Release|TwinCAT RT (x86).ActiveCfg = Release|TwinCAT RT (x86)
		{3E1DAD59-5D7D-4777-8BBC-F0FEE8AC0047}.Release|TwinCAT RT (x86).Build.0 = Release|TwinCAT RT (x86)
		{C027EFCC-9A80-496A-AA8C-DBA53C825EEE}.Debug|TwinCAT CE7 (ARMV7).ActiveCfg = Debug|TwinCAT CE7 (ARMV7)
		{C027EFCC-9A80-496A-AA8C-DBA53C825EEE}.Debug|TwinCAT CE7 (ARMV7).Build.0 = Debug|TwinCAT CE7 (ARMV7)
		{C027EFCC-9A80-496A-AA8C-DBA53C825EEE}.Debug|TwinCAT OS (ARMT2).ActiveCfg = Debug|TwinCAT OS (ARMT2)
		{C027EFCC-9A80-496A-AA8C-DBA53C825EEE}.Debug|TwinCAT OS (ARMT2).Build.0 = Debug|TwinCAT OS (ARMT2)
		{C027EFCC-9A80-496A-AA8C-DBA53C825EEE}.Debug|TwinCAT RT (x64).ActiveCfg = Debug|TwinCAT RT (x64)
		{C027EFCC-9A80-496A-AA8C-DBA53C825EEE}.Debug|TwinCAT RT (x64).Build.0 = Debug|TwinCAT RT (x64)
		{C027EFCC-9A80-496A-AA8C-DBA53C825EEE}.Debug|TwinCAT RT (x86).ActiveCfg = Debug|TwinCAT RT (x86)
		{C027EFCC-9A80-496A-AA8C-DBA53C825EEE}.Debug|TwinCAT RT (x86).Build.0 = Debug|TwinCAT RT (x86)
		{C027EFCC-9A80-496A-AA8C-DBA53C825EEE}.Release|TwinCAT CE7 (ARMV7).ActiveCfg = Release|TwinCAT CE7 (ARMV7)
		{C027EFCC-9A80-496A-AA8C-DBA53C825EEE}.Release|TwinCAT CE7 (ARMV7).Build.0 = Release|TwinCAT CE7 (ARMV7)
		{C027EFCC-9A80-496A-AA8C-DBA53C825EEE}.Release|TwinCAT OS (ARMT2).ActiveCfg = Release|TwinCAT OS (ARMT2)
		{C027EFCC-9A80-496A-AA8C-DBA53C825EEE}.Release|TwinCAT OS (ARMT2).Build.0 = Release|TwinCAT OS (ARMT2)
		{C027EFCC-9A80-496A-AA8C-DBA53C825EEE}.Release|TwinCAT RT (x64).ActiveCfg = Release|TwinCAT RT (x64)
		{C027EFCC-9A80-496A-AA8C-DBA53C825EEE}.Release|TwinCAT RT (x64).Build.0 = Release|TwinCAT RT (x64)
		{C027EFCC-9A80-496A-AA8C-DBA53C825EEE}.Release|TwinCAT RT (x86).ActiveCfg = Release|TwinCAT RT (x86)
		{C027EFCC-9A80-496A-AA8C-DBA53C825EEE}.Release|TwinCAT RT (x86).Build.0 = Release|TwinCAT RT (x86)
	EndGlobalSection
	GlobalSection(SolutionProperties) = preSolution
		HideSolutionNode = FALSE
	EndGlobalSection
	GlobalSection(ExtensibilityGlobals) = postSolution
		SolutionGuid = {1FE7624F-B2E2-42FF-9B82-E3C6028897EE}
	EndGlobalSection
EndGlobal
